
Microsoft Visual Studio Solution File, Format Version 12.00
# Visual Studio Version 16
VisualStudioVersion = 16.0.30320.27
MinimumVisualStudioVersion = 10.0.40219.1
Project("{FAE04EC0-301F-11D3-BF4B-00C04F79EFBC}") = "Final18", "Final18\Final18.csproj", "{7988E7D5-DF1D-442E-B1CD-70B1BF264878}"
EndProject
Global
	GlobalSection(SolutionConfigurationPlatforms) = preSolution
		Debug|Any CPU = Debug|Any CPU
		Release|Any CPU = Release|Any CPU
	EndGlobalSection
	GlobalSection(ProjectConfigurationPlatforms) = postSolution
		{7988E7D5-DF1D-442E-B1CD-70B1BF264878}.Debug|Any CPU.ActiveCfg = Debug|Any CPU
		{7988E7D5-DF1D-442E-B1CD-70B1BF264878}.Debug|Any CPU.Build.0 = Debug|Any CPU
		{7988E7D5-DF1D-442E-B1CD-70B1BF264878}.Release|Any CPU.ActiveCfg = Release|Any CPU
		{7988E7D5-DF1D-442E-B1CD-70B1BF264878}.Release|Any CPU.Build.0 = Release|Any CPU
	EndGlobalSection
	GlobalSection(SolutionProperties) = preSolution
		HideSolutionNode = FALSE
	EndGlobalSection
	GlobalSection(ExtensibilityGlobals) = postSolution
		SolutionGuid = {6F9C5391-6BA1-4657-894F-C18E6AFDAED7}
	EndGlobalSection
EndGlobal
